{
  "name": "adapt-authoring-users",
  "version": "0.0.1",
  "lockfileVersion": 1,
  "requires": true,
  "dependencies": {
    "adapt-authoring-core": {
      "version": "git+https://github.com/taylortom/adapt-authoring-core.git#592856844a8d12b7143202b8da716df9b36d118e",
      "from": "git+https://github.com/taylortom/adapt-authoring-core.git"
    }
  }
}
